// !$*UTF8*$!
{
	archiveVersion = 1;
	classes = {
	};
	objectVersion = 56;
	objects = {

/* Begin PBXBuildFile section */
		96304E502AA8AF9A00FDFEFA /* BBQuotesApp.swift in Sources */ = {isa = PBXBuildFile; fileRef = 96304E4F2AA8AF9A00FDFEFA /* BBQuotesApp.swift */; };
		96304E522AA8AF9A00FDFEFA /* ContentView.swift in Sources */ = {isa = PBXBuildFile; fileRef = 96304E512AA8AF9A00FDFEFA /* ContentView.swift */; };
		96304E542AA8AFA500FDFEFA /* Assets.xcassets in Resources */ = {isa = PBXBuildFile; fileRef = 96304E532AA8AFA500FDFEFA /* Assets.xcassets */; };
		96304E572AA8AFA500FDFEFA /* Preview Assets.xcassets in Resources */ = {isa = PBXBuildFile; fileRef = 96304E562AA8AFA500FDFEFA /* Preview Assets.xcassets */; };
		96304E5E2AA8B02400FDFEFA /* samplecharacter.json in Resources */ = {isa = PBXBuildFile; fileRef = 96304E5D2AA8B02400FDFEFA /* samplecharacter.json */; };
		96304E632AA8CB9300FDFEFA /* Character.swift in Sources */ = {isa = PBXBuildFile; fileRef = 96304E622AA8CB9300FDFEFA /* Character.swift */; };
		96304E652AA8CBAA00FDFEFA /* Quote.swift in Sources */ = {isa = PBXBuildFile; fileRef = 96304E642AA8CBAA00FDFEFA /* Quote.swift */; };
		96304E672AA8D19500FDFEFA /* FetchController.swift in Sources */ = {isa = PBXBuildFile; fileRef = 96304E662AA8D19500FDFEFA /* FetchController.swift */; };
		96304E692AA8D6A700FDFEFA /* Constants.swift in Sources */ = {isa = PBXBuildFile; fileRef = 96304E682AA8D6A700FDFEFA /* Constants.swift */; };
		96304E6C2AA8D91C00FDFEFA /* ViewModel.swift in Sources */ = {isa = PBXBuildFile; fileRef = 96304E6B2AA8D91C00FDFEFA /* ViewModel.swift */; };
/* End PBXBuildFile section */

/* Begin PBXFileReference section */
		96304E4C2AA8AF9A00FDFEFA /* BBQuotes.app */ = {isa = PBXFileReference; explicitFileType = wrapper.application; includeInIndex = 0; path = BBQuotes.app; sourceTree = BUILT_PRODUCTS_DIR; };
		96304E4F2AA8AF9A00FDFEFA /* BBQuotesApp.swift */ = {isa = PBXFileReference; lastKnownFileType = sourcecode.swift; path = BBQuotesApp.swift; sourceTree = "<group>"; };
		96304E512AA8AF9A00FDFEFA /* ContentView.swift */ = {isa = PBXFileReference; lastKnownFileType = sourcecode.swift; path = ContentView.swift; sourceTree = "<group>"; };
		96304E532AA8AFA500FDFEFA /* Assets.xcassets */ = {isa = PBXFileReference; lastKnownFileType = folder.assetcatalog; path = Assets.xcassets; sourceTree = "<group>"; };
		96304E562AA8AFA500FDFEFA /* Preview Assets.xcassets */ = {isa = PBXFileReference; lastKnownFileType = folder.assetcatalog; path = "Preview Assets.xcassets"; sourceTree = "<group>"; };
		96304E5D2AA8B02400FDFEFA /* samplecharacter.json */ = {isa = PBXFileReference; fileEncoding = 4; lastKnownFileType = text.json; path = samplecharacter.json; sourceTree = "<group>"; };
		96304E622AA8CB9300FDFEFA /* Character.swift */ = {isa = PBXFileReference; lastKnownFileType = sourcecode.swift; path = Character.swift; sourceTree = "<group>"; };
		96304E642AA8CBAA00FDFEFA /* Quote.swift */ = {isa = PBXFileReference; lastKnownFileType = sourcecode.swift; path = Quote.swift; sourceTree = "<group>"; };
		96304E662AA8D19500FDFEFA /* FetchController.swift */ = {isa = PBXFileReference; lastKnownFileType = sourcecode.swift; path = FetchController.swift; sourceTree = "<group>"; };
		96304E682AA8D6A700FDFEFA /* Constants.swift */ = {isa = PBXFileReference; lastKnownFileType = sourcecode.swift; path = Constants.swift; sourceTree = "<group>"; };
		96304E6B2AA8D91C00FDFEFA /* ViewModel.swift */ = {isa = PBXFileReference; lastKnownFileType = sourcecode.swift; path = ViewModel.swift; sourceTree = "<group>"; };
/* End PBXFileReference section */

/* Begin PBXFrameworksBuildPhase section */
		96304E492AA8AF9A00FDFEFA /* Frameworks */ = {
			isa = PBXFrameworksBuildPhase;
			buildActionMask = 2147483647;
			files = (
			);
			runOnlyForDeploymentPostprocessing = 0;
		};
/* End PBXFrameworksBuildPhase section */

/* Begin PBXGroup section */
		96304E432AA8AF9900FDFEFA = {
			isa = PBXGroup;
			children = (
				96304E4E2AA8AF9A00FDFEFA /* BBQuotes */,
				96304E4D2AA8AF9A00FDFEFA /* Products */,
			);
			sourceTree = "<group>";
		};
		96304E4D2AA8AF9A00FDFEFA /* Products */ = {
			isa = PBXGroup;
			children = (
				96304E4C2AA8AF9A00FDFEFA /* BBQuotes.app */,
			);
			name = Products;
			sourceTree = "<group>";
		};
		96304E4E2AA8AF9A00FDFEFA /* BBQuotes */ = {
			isa = PBXGroup;
			children = (
				96304E6A2AA8D90800FDFEFA /* viewmodel */,
				96304E612AA8C7B700FDFEFA /* controllers */,
				96304E602AA8C7B000FDFEFA /* models */,
				96304E5D2AA8B02400FDFEFA /* samplecharacter.json */,
				96304E4F2AA8AF9A00FDFEFA /* BBQuotesApp.swift */,
				96304E5F2AA8C7A700FDFEFA /* views */,
				96304E532AA8AFA500FDFEFA /* Assets.xcassets */,
				96304E552AA8AFA500FDFEFA /* Preview Content */,
				96304E682AA8D6A700FDFEFA /* Constants.swift */,
			);
			path = BBQuotes;
			sourceTree = "<group>";
		};
		96304E552AA8AFA500FDFEFA /* Preview Content */ = {
			isa = PBXGroup;
			children = (
				96304E562AA8AFA500FDFEFA /* Preview Assets.xcassets */,
			);
			path = "Preview Content";
			sourceTree = "<group>";
		};
		96304E5F2AA8C7A700FDFEFA /* views */ = {
			isa = PBXGroup;
			children = (
				96304E512AA8AF9A00FDFEFA /* ContentView.swift */,
			);
			path = views;
			sourceTree = "<group>";
		};
		96304E602AA8C7B000FDFEFA /* models */ = {
			isa = PBXGroup;
			children = (
				96304E622AA8CB9300FDFEFA /* Character.swift */,
				96304E642AA8CBAA00FDFEFA /* Quote.swift */,
			);
			path = models;
			sourceTree = "<group>";
		};
		96304E612AA8C7B700FDFEFA /* controllers */ = {
			isa = PBXGroup;
			children = (
				96304E662AA8D19500FDFEFA /* FetchController.swift */,
			);
			path = controllers;
			sourceTree = "<group>";
		};
		96304E6A2AA8D90800FDFEFA /* viewmodel */ = {
			isa = PBXGroup;
			children = (
				96304E6B2AA8D91C00FDFEFA /* ViewModel.swift */,
			);
			path = viewmodel;
			sourceTree = "<group>";
		};
/* End PBXGroup section */

/* Begin PBXNativeTarget section */
		96304E4B2AA8AF9A00FDFEFA /* BBQuotes */ = {
			isa = PBXNativeTarget;
			buildConfigurationList = 96304E5A2AA8AFA500FDFEFA /* Build configuration list for PBXNativeTarget "BBQuotes" */;
			buildPhases = (
				96304E482AA8AF9A00FDFEFA /* Sources */,
				96304E492AA8AF9A00FDFEFA /* Frameworks */,
				96304E4A2AA8AF9A00FDFEFA /* Resources */,
			);
			buildRules = (
			);
			dependencies = (
			);
			name = BBQuotes;
			productName = BBQuotes;
			productReference = 96304E4C2AA8AF9A00FDFEFA /* BBQuotes.app */;
			productType = "com.apple.product-type.application";
		};
/* End PBXNativeTarget section */

/* Begin PBXProject section */
		96304E442AA8AF9900FDFEFA /* Project object */ = {
			isa = PBXProject;
			attributes = {
				BuildIndependentTargetsInParallel = 1;
				LastSwiftUpdateCheck = 1500;
				LastUpgradeCheck = 1500;
				TargetAttributes = {
					96304E4B2AA8AF9A00FDFEFA = {
						CreatedOnToolsVersion = 15.0;
					};
				};
			};
			buildConfigurationList = 96304E472AA8AF9900FDFEFA /* Build configuration list for PBXProject "BBQuotes" */;
			compatibilityVersion = "Xcode 14.0";
			developmentRegion = en;
			hasScannedForEncodings = 0;
			knownRegions = (
				en,
				Base,
			);
			mainGroup = 96304E432AA8AF9900FDFEFA;
			productRefGroup = 96304E4D2AA8AF9A00FDFEFA /* Products */;
			projectDirPath = "";
			projectRoot = "";
			targets = (
				96304E4B2AA8AF9A00FDFEFA /* BBQuotes */,
			);
		};
/* End PBXProject section */

/* Begin PBXResourcesBuildPhase section */
		96304E4A2AA8AF9A00FDFEFA /* Resources */ = {
			isa = PBXResourcesBuildPhase;
			buildActionMask = 2147483647;
			files = (
				96304E572AA8AFA500FDFEFA /* Preview Assets.xcassets in Resources */,
				96304E5E2AA8B02400FDFEFA /* samplecharacter.json in Resources */,
				96304E542AA8AFA500FDFEFA /* Assets.xcassets in Resources */,
			);
			runOnlyForDeploymentPostprocessing = 0;
		};
/* End PBXResourcesBuildPhase section */

/* Begin PBXSourcesBuildPhase section */
		96304E482AA8AF9A00FDFEFA /* Sources */ = {
			isa = PBXSourcesBuildPhase;
			buildActionMask = 2147483647;
			files = (
				96304E652AA8CBAA00FDFEFA /* Quote.swift in Sources */,
				96304E632AA8CB9300FDFEFA /* Character.swift in Sources */,
				96304E522AA8AF9A00FDFEFA /* ContentView.swift in Sources */,
				96304E672AA8D19500FDFEFA /* FetchController.swift in Sources */,
				96304E502AA8AF9A00FDFEFA /* BBQuotesApp.swift in Sources */,
				96304E692AA8D6A700FDFEFA /* Constants.swift in Sources */,
				96304E6C2AA8D91C00FDFEFA /* ViewModel.swift in Sources */,
			);
			runOnlyForDeploymentPostprocessing = 0;
		};
/* End PBXSourcesBuildPhase section */

/* Begin XCBuildConfiguration section */
		96304E582AA8AFA500FDFEFA /* Debug */ = {
			isa = XCBuildConfiguration;
			buildSettings = {
				ALWAYS_SEARCH_USER_PATHS = NO;
				ASSETCATALOG_COMPILER_GENERATE_SWIFT_ASSET_SYMBOL_EXTENSIONS = YES;
				CLANG_ANALYZER_NONNULL = YES;
				CLANG_ANALYZER_NUMBER_OBJECT_CONVERSION = YES_AGGRESSIVE;
				CLANG_CXX_LANGUAGE_STANDARD = "gnu++20";
				CLANG_ENABLE_MODULES = YES;
				CLANG_ENABLE_OBJC_ARC = YES;
				CLANG_ENABLE_OBJC_WEAK = YES;
				CLANG_WARN_BLOCK_CAPTURE_AUTORELEASING = YES;
				CLANG_WARN_BOOL_CONVERSION = YES;
				CLANG_WARN_COMMA = YES;
				CLANG_WARN_CONSTANT_CONVERSION = YES;
				CLANG_WARN_DEPRECATED_OBJC_IMPLEMENTATIONS = YES;
				CLANG_WARN_DIRECT_OBJC_ISA_USAGE = YES_ERROR;
				CLANG_WARN_DOCUMENTATION_COMMENTS = YES;
				CLANG_WARN_EMPTY_BODY = YES;
				CLANG_WARN_ENUM_CONVERSION = YES;
				CLANG_WARN_INFINITE_RECURSION = YES;
				CLANG_WARN_INT_CONVERSION = YES;
				CLANG_WARN_NON_LITERAL_NULL_CONVERSION = YES;
				CLANG_WARN_OBJC_IMPLICIT_RETAIN_SELF = YES;
				CLANG_WARN_OBJC_LITERAL_CONVERSION = YES;
				CLANG_WARN_OBJC_ROOT_CLASS = YES_ERROR;
				CLANG_WARN_QUOTED_INCLUDE_IN_FRAMEWORK_HEADER = YES;
				CLANG_WARN_RANGE_LOOP_ANALYSIS = YES;
				CLANG_WARN_STRICT_PROTOTYPES = YES;
				CLANG_WARN_SUSPICIOUS_MOVE = YES;
				CLANG_WARN_UNGUARDED_AVAILABILITY = YES_AGGRESSIVE;
				CLANG_WARN_UNREACHABLE_CODE = YES;
				CLANG_WARN__DUPLICATE_METHOD_MATCH = YES;
				COPY_PHASE_STRIP = NO;
				DEBUG_INFORMATION_FORMAT = dwarf;
				ENABLE_STRICT_OBJC_MSGSEND = YES;
				ENABLE_TESTABILITY = YES;
				ENABLE_USER_SCRIPT_SANDBOXING = YES;
				GCC_C_LANGUAGE_STANDARD = gnu17;
				GCC_DYNAMIC_NO_PIC = NO;
				GCC_NO_COMMON_BLOCKS = YES;
				GCC_OPTIMIZATION_LEVEL = 0;
				GCC_PREPROCESSOR_DEFINITIONS = (
					"DEBUG=1",
					"$(inherited)",
				);
				GCC_WARN_64_TO_32_BIT_CONVERSION = YES;
				GCC_WARN_ABOUT_RETURN_TYPE = YES_ERROR;
				GCC_WARN_UNDECLARED_SELECTOR = YES;
				GCC_WARN_UNINITIALIZED_AUTOS = YES_AGGRESSIVE;
				GCC_WARN_UNUSED_FUNCTION = YES;
				GCC_WARN_UNUSED_VARIABLE = YES;
				IPHONEOS_DEPLOYMENT_TARGET = 17.0;
				LOCALIZATION_PREFERS_STRING_CATALOGS = YES;
				MTL_ENABLE_DEBUG_INFO = INCLUDE_SOURCE;
				MTL_FAST_MATH = YES;
				ONLY_ACTIVE_ARCH = YES;
				SDKROOT = iphoneos;
				SWIFT_ACTIVE_COMPILATION_CONDITIONS = "DEBUG $(inherited)";
				SWIFT_OPTIMIZATION_LEVEL = "-Onone";
			};
			name = Debug;
		};
		96304E592AA8AFA500FDFEFA /* Release */ = {
			isa = XCBuildConfiguration;
			buildSettings = {
				ALWAYS_SEARCH_USER_PATHS = NO;
				ASSETCATALOG_COMPILER_GENERATE_SWIFT_ASSET_SYMBOL_EXTENSIONS = YES;
				CLANG_ANALYZER_NONNULL = YES;
				CLANG_ANALYZER_NUMBER_OBJECT_CONVERSION = YES_AGGRESSIVE;
				CLANG_CXX_LANGUAGE_STANDARD = "gnu++20";
				CLANG_ENABLE_MODULES = YES;
				CLANG_ENABLE_OBJC_ARC = YES;
				CLANG_ENABLE_OBJC_WEAK = YES;
				CLANG_WARN_BLOCK_CAPTURE_AUTORELEASING = YES;
				CLANG_WARN_BOOL_CONVERSION = YES;
				CLANG_WARN_COMMA = YES;
				CLANG_WARN_CONSTANT_CONVERSION = YES;
				CLANG_WARN_DEPRECATED_OBJC_IMPLEMENTATIONS = YES;
				CLANG_WARN_DIRECT_OBJC_ISA_USAGE = YES_ERROR;
				CLANG_WARN_DOCUMENTATION_COMMENTS = YES;
				CLANG_WARN_EMPTY_BODY = YES;
				CLANG_WARN_ENUM_CONVERSION = YES;
				CLANG_WARN_INFINITE_RECURSION = YES;
				CLANG_WARN_INT_CONVERSION = YES;
				CLANG_WARN_NON_LITERAL_NULL_CONVERSION = YES;
				CLANG_WARN_OBJC_IMPLICIT_RETAIN_SELF = YES;
				CLANG_WARN_OBJC_LITERAL_CONVERSION = YES;
				CLANG_WARN_OBJC_ROOT_CLASS = YES_ERROR;
				CLANG_WARN_QUOTED_INCLUDE_IN_FRAMEWORK_HEADER = YES;
				CLANG_WARN_RANGE_LOOP_ANALYSIS = YES;
				CLANG_WARN_STRICT_PROTOTYPES = YES;
				CLANG_WARN_SUSPICIOUS_MOVE = YES;
				CLANG_WARN_UNGUARDED_AVAILABILITY = YES_AGGRESSIVE;
				CLANG_WARN_UNREACHABLE_CODE = YES;
				CLANG_WARN__DUPLICATE_METHOD_MATCH = YES;
				COPY_PHASE_STRIP = NO;
				DEBUG_INFORMATION_FORMAT = "dwarf-with-dsym";
				ENABLE_NS_ASSERTIONS = NO;
				ENABLE_STRICT_OBJC_MSGSEND = YES;
				ENABLE_USER_SCRIPT_SANDBOXING = YES;
				GCC_C_LANGUAGE_STANDARD = gnu17;
				GCC_NO_COMMON_BLOCKS = YES;
				GCC_WARN_64_TO_32_BIT_CONVERSION = YES;
				GCC_WARN_ABOUT_RETURN_TYPE = YES_ERROR;
				GCC_WARN_UNDECLARED_SELECTOR = YES;
				GCC_WARN_UNINITIALIZED_AUTOS = YES_AGGRESSIVE;
				GCC_WARN_UNUSED_FUNCTION = YES;
				GCC_WARN_UNUSED_VARIABLE = YES;
				IPHONEOS_DEPLOYMENT_TARGET = 17.0;
				LOCALIZATION_PREFERS_STRING_CATALOGS = YES;
				MTL_ENABLE_DEBUG_INFO = NO;
				MTL_FAST_MATH = YES;
				SDKROOT = iphoneos;
				SWIFT_COMPILATION_MODE = wholemodule;
				VALIDATE_PRODUCT = YES;
			};
			name = Release;
		};
		96304E5B2AA8AFA500FDFEFA /* Debug */ = {
			isa = XCBuildConfiguration;
			buildSettings = {
				ASSETCATALOG_COMPILER_APPICON_NAME = AppIcon;
				ASSETCATALOG_COMPILER_GLOBAL_ACCENT_COLOR_NAME = AccentColor;
				CODE_SIGN_STYLE = Automatic;
				CURRENT_PROJECT_VERSION = 1;
				DEVELOPMENT_ASSET_PATHS = "\"BBQuotes/Preview Content\"";
				DEVELOPMENT_TEAM = 64GU32RAV4;
				ENABLE_PREVIEWS = YES;
				GENERATE_INFOPLIST_FILE = YES;
				INFOPLIST_KEY_UIApplicationSceneManifest_Generation = YES;
				INFOPLIST_KEY_UIApplicationSupportsIndirectInputEvents = YES;
				INFOPLIST_KEY_UILaunchScreen_Generation = YES;
				INFOPLIST_KEY_UISupportedInterfaceOrientations_iPad = "UIInterfaceOrientationPortrait UIInterfaceOrientationPortraitUpsideDown UIInterfaceOrientationLandscapeLeft UIInterfaceOrientationLandscapeRight";
				INFOPLIST_KEY_UISupportedInterfaceOrientations_iPhone = "UIInterfaceOrientationPortrait UIInterfaceOrientationLandscapeLeft UIInterfaceOrientationLandscapeRight";
				LD_RUNPATH_SEARCH_PATHS = (
					"$(inherited)",
					"@executable_path/Frameworks",
				);
				MARKETING_VERSION = 1.0;
				PRODUCT_BUNDLE_IDENTIFIER = ca.jgdesigns.BBQuotes;
				PRODUCT_NAME = "$(TARGET_NAME)";
				SWIFT_EMIT_LOC_STRINGS = YES;
				SWIFT_VERSION = 5.0;
				TARGETED_DEVICE_FAMILY = "1,2";
			};
			name = Debug;
		};
		96304E5C2AA8AFA500FDFEFA /* Release */ = {
			isa = XCBuildConfiguration;
			buildSettings = {
				ASSETCATALOG_COMPILER_APPICON_NAME = AppIcon;
				ASSETCATALOG_COMPILER_GLOBAL_ACCENT_COLOR_NAME = AccentColor;
				CODE_SIGN_STYLE = Automatic;
				CURRENT_PROJECT_VERSION = 1;
				DEVELOPMENT_ASSET_PATHS = "\"BBQuotes/Preview Content\"";
				DEVELOPMENT_TEAM = 64GU32RAV4;
				ENABLE_PREVIEWS = YES;
				GENERATE_INFOPLIST_FILE = YES;
				INFOPLIST_KEY_UIApplicationSceneManifest_Generation = YES;
				INFOPLIST_KEY_UIApplicationSupportsIndirectInputEvents = YES;
				INFOPLIST_KEY_UILaunchScreen_Generation = YES;
				INFOPLIST_KEY_UISupportedInterfaceOrientations_iPad = "UIInterfaceOrientationPortrait UIInterfaceOrientationPortraitUpsideDown UIInterfaceOrientationLandscapeLeft UIInterfaceOrientationLandscapeRight";
				INFOPLIST_KEY_UISupportedInterfaceOrientations_iPhone = "UIInterfaceOrientationPortrait UIInterfaceOrientationLandscapeLeft UIInterfaceOrientationLandscapeRight";
				LD_RUNPATH_SEARCH_PATHS = (
					"$(inherited)",
					"@executable_path/Frameworks",
				);
				MARKETING_VERSION = 1.0;
				PRODUCT_BUNDLE_IDENTIFIER = ca.jgdesigns.BBQuotes;
				PRODUCT_NAME = "$(TARGET_NAME)";
				SWIFT_EMIT_LOC_STRINGS = YES;
				SWIFT_VERSION = 5.0;
				TARGETED_DEVICE_FAMILY = "1,2";
			};
			name = Release;
		};
/* End XCBuildConfiguration section */

/* Begin XCConfigurationList section */
		96304E472AA8AF9900FDFEFA /* Build configuration list for PBXProject "BBQuotes" */ = {
			isa = XCConfigurationList;
			buildConfigurations = (
				96304E582AA8AFA500FDFEFA /* Debug */,
				96304E592AA8AFA500FDFEFA /* Release */,
			);
			defaultConfigurationIsVisible = 0;
			defaultConfigurationName = Release;
		};
		96304E5A2AA8AFA500FDFEFA /* Build configuration list for PBXNativeTarget "BBQuotes" */ = {
			isa = XCConfigurationList;
			buildConfigurations = (
				96304E5B2AA8AFA500FDFEFA /* Debug */,
				96304E5C2AA8AFA500FDFEFA /* Release */,
			);
			defaultConfigurationIsVisible = 0;
			defaultConfigurationName = Release;
		};
/* End XCConfigurationList section */
	};
	rootObject = 96304E442AA8AF9900FDFEFA /* Project object */;
}
